# This file is automatically @generated by Cargo.
# It is not intended for manual editing.
[[package]]
name = "ferrogallic_shared"
version = "0.0.0"
dependencies = [
 "serde",
]

[[package]]
name = "proc-macro2"
version = "1.0.12"
source = "registry+https://github.com/rust-lang/crates.io-index"
checksum = "8872cf6f48eee44265156c111456a700ab3483686b3f96df4cf5481c89157319"
dependencies = [
 "unicode-xid",
]

[[package]]
name = "quote"
version = "1.0.4"
source = "registry+https://github.com/rust-lang/crates.io-index"
checksum = "4c1f4b0efa5fc5e8ceb705136bfee52cfdb6a4e3509f770b478cd6ed434232a7"
dependencies = [
 "proc-macro2",
]

[[package]]
name = "serde"
version = "1.0.107"
source = "registry+https://github.com/rust-lang/crates.io-index"
checksum = "eba7550f2cdf88ffc23ab0f1607133486c390a8c0f89b57e589b9654ee15e04d"
dependencies = [
 "serde_derive",
]

[[package]]
name = "serde_derive"
version = "1.0.107"
source = "registry+https://github.com/rust-lang/crates.io-index"
checksum = "10be45e22e5597d4b88afcc71f9d7bfadcd604bf0c78a3ab4582b8d2b37f39f3"
dependencies = [
 "proc-macro2",
 "quote",
 "syn",
]

[[package]]
name = "syn"
version = "1.0.19"
source = "registry+https://github.com/rust-lang/crates.io-index"
checksum = "e8e5aa70697bb26ee62214ae3288465ecec0000f05182f039b477001f08f5ae7"
dependencies = [
 "proc-macro2",
 "quote",
 "unicode-xid",
]

[[package]]
name = "unicode-xid"
version = "0.2.0"
source = "registry+https://github.com/rust-lang/crates.io-index"
checksum = "826e7639553986605ec5979c7dd957c7895e93eabed50ab2ffa7f6128a75097c"
